
Microsoft Visual Studio Solution File, Format Version 12.00
# Visual Studio 15
VisualStudioVersion = 15.0.27703.2047
MinimumVisualStudioVersion = 10.0.40219.1
Project("{FAE04EC0-301F-11D3-BF4B-00C04F79EFBC}") = "CarDealerShip", "CarDealerShip\CarDealerShip.csproj", "{BD29AB73-7B05-477C-AC4F-9CE8F8F5EA39}"
EndProject
Project("{FAE04EC0-301F-11D3-BF4B-00C04F79EFBC}") = "CarDealerShip.Domain", "CarDealerShip.Domain\CarDealerShip.Domain.csproj", "{06066B19-7B6C-4E41-8FDC-258E92E46429}"
EndProject
Project("{FAE04EC0-301F-11D3-BF4B-00C04F79EFBC}") = "CarDealerShip.Data", "CarDealerShip.Data\CarDealerShip.Data.csproj", "{F801EA1F-0D09-4362-8BF4-2B0481E5B0D2}"
EndProject
Project("{FAE04EC0-301F-11D3-BF4B-00C04F79EFBC}") = "CarDealerShip.Tests", "CarDealerShip.Tests\CarDealerShip.Tests.csproj", "{1F9522B7-A24D-469B-A692-F26F23A28C4F}"
EndProject
Global
	GlobalSection(SolutionConfigurationPlatforms) = preSolution
		Debug|Any CPU = Debug|Any CPU
		Release|Any CPU = Release|Any CPU
	EndGlobalSection
	GlobalSection(ProjectConfigurationPlatforms) = postSolution
		{BD29AB73-7B05-477C-AC4F-9CE8F8F5EA39}.Debug|Any CPU.ActiveCfg = Debug|Any CPU
		{BD29AB73-7B05-477C-AC4F-9CE8F8F5EA39}.Debug|Any CPU.Build.0 = Debug|Any CPU
		{BD29AB73-7B05-477C-AC4F-9CE8F8F5EA39}.Release|Any CPU.ActiveCfg = Release|Any CPU
		{BD29AB73-7B05-477C-AC4F-9CE8F8F5EA39}.Release|Any CPU.Build.0 = Release|Any CPU
		{06066B19-7B6C-4E41-8FDC-258E92E46429}.Debug|Any CPU.ActiveCfg = Debug|Any CPU
		{06066B19-7B6C-4E41-8FDC-258E92E46429}.Debug|Any CPU.Build.0 = Debug|Any CPU
		{06066B19-7B6C-4E41-8FDC-258E92E46429}.Release|Any CPU.ActiveCfg = Release|Any CPU
		{06066B19-7B6C-4E41-8FDC-258E92E46429}.Release|Any CPU.Build.0 = Release|Any CPU
		{F801EA1F-0D09-4362-8BF4-2B0481E5B0D2}.Debug|Any CPU.ActiveCfg = Debug|Any CPU
		{F801EA1F-0D09-4362-8BF4-2B0481E5B0D2}.Debug|Any CPU.Build.0 = Debug|Any CPU
		{F801EA1F-0D09-4362-8BF4-2B0481E5B0D2}.Release|Any CPU.ActiveCfg = Release|Any CPU
		{F801EA1F-0D09-4362-8BF4-2B0481E5B0D2}.Release|Any CPU.Build.0 = Release|Any CPU
		{1F9522B7-A24D-469B-A692-F26F23A28C4F}.Debug|Any CPU.ActiveCfg = Debug|Any CPU
		{1F9522B7-A24D-469B-A692-F26F23A28C4F}.Debug|Any CPU.Build.0 = Debug|Any CPU
		{1F9522B7-A24D-469B-A692-F26F23A28C4F}.Release|Any CPU.ActiveCfg = Release|Any CPU
		{1F9522B7-A24D-469B-A692-F26F23A28C4F}.Release|Any CPU.Build.0 = Release|Any CPU
	EndGlobalSection
	GlobalSection(SolutionProperties) = preSolution
		HideSolutionNode = FALSE
	EndGlobalSection
	GlobalSection(ExtensibilityGlobals) = postSolution
		SolutionGuid = {0C128BF0-F149-4249-94FA-F15A41CECF00}
	EndGlobalSection
EndGlobal
